# THIS IS AN AUTOGENERATED FILE. DO NOT EDIT THIS FILE DIRECTLY.
# yarn lockfile v1


"@types/aws-lambda@^8.10.92":
  version "8.10.143"
  resolved "https://registry.yarnpkg.com/@types/aws-lambda/-/aws-lambda-8.10.143.tgz#383693fbaadc6994a71d64a7c09e8c244fad8dff"
  integrity sha512-u5vzlcR14ge/4pMTTMDQr3MF0wEe38B2F9o84uC4F43vN5DGTy63npRrB6jQhyt+C0lGv4ZfiRcRkqJoZuPnmg==
